
Microsoft Visual Studio Solution File, Format Version 12.00
# Visual Studio 14
VisualStudioVersion = 14.0.25420.1
MinimumVisualStudioVersion = 10.0.40219.1
Project("{FAE04EC0-301F-11D3-BF4B-00C04F79EFBC}") = "BizPerms", "BizPerms\BizPerms.csproj", "{C66E42A6-46C9-479C-A182-0A68C8C11BF5}"
EndProject
Project("{FAE04EC0-301F-11D3-BF4B-00C04F79EFBC}") = "G4.BizPermit.Entities", "..\G4.BizPermit.Web\G4.BizPermit.Entities\G4.BizPermit.Entities.csproj", "{991D831D-F05A-420E-B38A-C81420B3E515}"
EndProject
Project("{FAE04EC0-301F-11D3-BF4B-00C04F79EFBC}") = "G4.BizPermit.Dal", "..\G4.BizPermit.Web\G4.BizPermit.Dal\G4.BizPermit.Dal.csproj", "{CC4B29F5-1364-441C-AAEB-33A2666D8626}"
EndProject
Global
	GlobalSection(SolutionConfigurationPlatforms) = preSolution
		Debug|Any CPU = Debug|Any CPU
		Release|Any CPU = Release|Any CPU
	EndGlobalSection
	GlobalSection(ProjectConfigurationPlatforms) = postSolution
		{C66E42A6-46C9-479C-A182-0A68C8C11BF5}.Debug|Any CPU.ActiveCfg = Debug|Any CPU
		{C66E42A6-46C9-479C-A182-0A68C8C11BF5}.Debug|Any CPU.Build.0 = Debug|Any CPU
		{C66E42A6-46C9-479C-A182-0A68C8C11BF5}.Release|Any CPU.ActiveCfg = Release|Any CPU
		{C66E42A6-46C9-479C-A182-0A68C8C11BF5}.Release|Any CPU.Build.0 = Release|Any CPU
		{991D831D-F05A-420E-B38A-C81420B3E515}.Debug|Any CPU.ActiveCfg = Debug|Any CPU
		{991D831D-F05A-420E-B38A-C81420B3E515}.Debug|Any CPU.Build.0 = Debug|Any CPU
		{991D831D-F05A-420E-B38A-C81420B3E515}.Release|Any CPU.ActiveCfg = Release|Any CPU
		{991D831D-F05A-420E-B38A-C81420B3E515}.Release|Any CPU.Build.0 = Release|Any CPU
		{CC4B29F5-1364-441C-AAEB-33A2666D8626}.Debug|Any CPU.ActiveCfg = Debug|Any CPU
		{CC4B29F5-1364-441C-AAEB-33A2666D8626}.Debug|Any CPU.Build.0 = Debug|Any CPU
		{CC4B29F5-1364-441C-AAEB-33A2666D8626}.Release|Any CPU.ActiveCfg = Release|Any CPU
		{CC4B29F5-1364-441C-AAEB-33A2666D8626}.Release|Any CPU.Build.0 = Release|Any CPU
	EndGlobalSection
	GlobalSection(SolutionProperties) = preSolution
		HideSolutionNode = FALSE
	EndGlobalSection
EndGlobal
